
Microsoft Visual Studio Solution File, Format Version 12.00
# Visual Studio Version 17
VisualStudioVersion = 17.14.36811.4 d17.14
MinimumVisualStudioVersion = 10.0.40219.1
Project("{FAE04EC0-301F-11D3-BF4B-00C04F79EFBC}") = "Game_Maker", "Game_Maker.csproj", "{71ED9520-A1B7-404C-916A-48CB49575370}"
EndProject
Global
	GlobalSection(SolutionConfigurationPlatforms) = preSolution
		Debug|Any CPU = Debug|Any CPU
		Release|Any CPU = Release|Any CPU
	EndGlobalSection
	GlobalSection(ProjectConfigurationPlatforms) = postSolution
		{71ED9520-A1B7-404C-916A-48CB49575370}.Debug|Any CPU.ActiveCfg = Debug|Any CPU
		{71ED9520-A1B7-404C-916A-48CB49575370}.Debug|Any CPU.Build.0 = Debug|Any CPU
		{71ED9520-A1B7-404C-916A-48CB49575370}.Release|Any CPU.ActiveCfg = Release|Any CPU
		{71ED9520-A1B7-404C-916A-48CB49575370}.Release|Any CPU.Build.0 = Release|Any CPU
	EndGlobalSection
	GlobalSection(SolutionProperties) = preSolution
		HideSolutionNode = FALSE
	EndGlobalSection
	GlobalSection(ExtensibilityGlobals) = postSolution
		SolutionGuid = {1A279C77-C1E2-42CC-A2B3-0FF1760FDC06}
	EndGlobalSection
EndGlobal
